github.com/c12h/steam-stuff v0.0.0-20210129084345-3b2a2d55e86f h1:eE2/liXoLJjt7Ba7OqrSgF/jdb8xFoX8zyqoWSnVZxw=
github.com/c12h/steam-stuff v0.0.0-20210129084345-3b2a2d55e86f/go.mod h1:TRMhsRRajJ+rCTTte3kcOR8/9Aw/Ec8dZXvIs6hgraI=
github.com/docopt/docopt-go v0.0.0-20180111231733-ee0de3bc6815/go.mod h1:WwZ+bS3ebgob9U8Nd0kOddGdZWjyMGR8Wziv+TBNwSE=
